Microsoft Visual Studio Solution File, Format Version 11.00
# Visual Studio 2008

Project("{8DAB6824-1CFB-8A09-A884-9E63F4921182}") = "Urban Waddle", "Assembly-CSharp-firstpass.csproj", "{3AB6482B-506B-2B78-3A76-57F89033CE6F}"
EndProject
Project("{8DAB6824-1CFB-8A09-A884-9E63F4921182}") = "Urban Waddle", "Assembly-CSharp.csproj", "{E018E2E5-4825-C283-25AD-3F0CD21137FA}"
EndProject
Project("{8DAB6824-1CFB-8A09-A884-9E63F4921182}") = "Urban Waddle", "Assembly-CSharp-Editor.csproj", "{692947C1-2FD7-F9A4-1209-05F5763ED911}"
EndProject
Global
	GlobalSection(SolutionConfigurationPlatforms) = preSolution
		Debug|Any CPU = Debug|Any CPU
		Release|Any CPU = Release|Any CPU
	EndGlobalSection
	GlobalSection(ProjectConfigurationPlatforms) = postSolution
		{3AB6482B-506B-2B78-3A76-57F89033CE6F}.Debug|Any CPU.ActiveCfg = Debug|Any CPU
		{3AB6482B-506B-2B78-3A76-57F89033CE6F}.Debug|Any CPU.Build.0 = Debug|Any CPU
		{3AB6482B-506B-2B78-3A76-57F89033CE6F}.Release|Any CPU.ActiveCfg = Release|Any CPU
		{3AB6482B-506B-2B78-3A76-57F89033CE6F}.Release|Any CPU.Build.0 = Release|Any CPU
		{E018E2E5-4825-C283-25AD-3F0CD21137FA}.Debug|Any CPU.ActiveCfg = Debug|Any CPU
		{E018E2E5-4825-C283-25AD-3F0CD21137FA}.Debug|Any CPU.Build.0 = Debug|Any CPU
		{E018E2E5-4825-C283-25AD-3F0CD21137FA}.Release|Any CPU.ActiveCfg = Release|Any CPU
		{E018E2E5-4825-C283-25AD-3F0CD21137FA}.Release|Any CPU.Build.0 = Release|Any CPU
		{692947C1-2FD7-F9A4-1209-05F5763ED911}.Debug|Any CPU.ActiveCfg = Debug|Any CPU
		{692947C1-2FD7-F9A4-1209-05F5763ED911}.Debug|Any CPU.Build.0 = Debug|Any CPU
		{692947C1-2FD7-F9A4-1209-05F5763ED911}.Release|Any CPU.ActiveCfg = Release|Any CPU
		{692947C1-2FD7-F9A4-1209-05F5763ED911}.Release|Any CPU.Build.0 = Release|Any CPU
	EndGlobalSection
	GlobalSection(SolutionProperties) = preSolution
		HideSolutionNode = FALSE
	EndGlobalSection
	GlobalSection(MonoDevelopProperties) = preSolution
		StartupItem = Assembly-CSharp.csproj
	EndGlobalSection
EndGlobal
